
Microsoft Visual Studio Solution File, Format Version 12.00
# Visual Studio Version 16
VisualStudioVersion = 16.0.32407.337
MinimumVisualStudioVersion = 10.0.40219.1
Project("{8BC9CEB8-8B4A-11D0-8D11-00A0C91BC942}") = "text_editor", "text_editor\text_editor.vcxproj", "{0988E307-227B-4928-ADC7-BFB3EC7CC383}"
EndProject
Global
	GlobalSection(SolutionConfigurationPlatforms) = preSolution
		Debug|x64 = Debug|x64
		Release|x64 = Release|x64
	EndGlobalSection
	GlobalSection(ProjectConfigurationPlatforms) = postSolution
		{0988E307-227B-4928-ADC7-BFB3EC7CC383}.Debug|x64.ActiveCfg = Debug|x64
		{0988E307-227B-4928-ADC7-BFB3EC7CC383}.Debug|x64.Build.0 = Debug|x64
		{0988E307-227B-4928-ADC7-BFB3EC7CC383}.Release|x64.ActiveCfg = Release|x64
		{0988E307-227B-4928-ADC7-BFB3EC7CC383}.Release|x64.Build.0 = Release|x64
	EndGlobalSection
	GlobalSection(SolutionProperties) = preSolution
		HideSolutionNode = FALSE
	EndGlobalSection
	GlobalSection(ExtensibilityGlobals) = postSolution
		SolutionGuid = {84832295-E6E4-410A-BB79-480F431D78B4}
	EndGlobalSection
EndGlobal
